// !$*UTF8*$!
{
	archiveVersion = 1;
	classes = {
	};
	objectVersion = 46;
	objects = {

/* Begin PBXBuildFile section */
		6D3500E61BBA2FD600276A5F /* SLOAutoRunner.m in Sources */ = {isa = PBXBuildFile; fileRef = 6D3500E51BBA2FD600276A5F /* SLOAutoRunner.m */; };
		6D40405B1BA6FD7500475F85 /* SLOGame.m in Sources */ = {isa = PBXBuildFile; fileRef = 6D40405A1BA6FD7500475F85 /* SLOGame.m */; };
		6D73DDFF1BA313090020A443 /* main.m in Sources */ = {isa = PBXBuildFile; fileRef = 6D73DDFE1BA313090020A443 /* main.m */; };
		6D73DE021BA313090020A443 /* AppDelegate.m in Sources */ = {isa = PBXBuildFile; fileRef = 6D73DE011BA313090020A443 /* AppDelegate.m */; };
		6D73DE051BA313090020A443 /* ViewController.m in Sources */ = {isa = PBXBuildFile; fileRef = 6D73DE041BA313090020A443 /* ViewController.m */; };
		6D73DE081BA313090020A443 /* Main.storyboard in Resources */ = {isa = PBXBuildFile; fileRef = 6D73DE061BA313090020A443 /* Main.storyboard */; };
		6D73DE0A1BA313090020A443 /* Assets.xcassets in Resources */ = {isa = PBXBuildFile; fileRef = 6D73DE091BA313090020A443 /* Assets.xcassets */; };
		6D73DE0D1BA313090020A443 /* LaunchScreen.storyboard in Resources */ = {isa = PBXBuildFile; fileRef = 6D73DE0B1BA313090020A443 /* LaunchScreen.storyboard */; };
		6D73DE181BA313090020A443 /* SLZeroTests.m in Sources */ = {isa = PBXBuildFile; fileRef = 6D73DE171BA313090020A443 /* SLZeroTests.m */; };
		6D73DE231BA313090020A443 /* SLZeroUITests.m in Sources */ = {isa = PBXBuildFile; fileRef = 6D73DE221BA313090020A443 /* SLZeroUITests.m */; };
		6D73DE321BA31A6A0020A443 /* SLOCell.m in Sources */ = {isa = PBXBuildFile; fileRef = 6D73DE311BA31A6A0020A443 /* SLOCell.m */; };
		6D85CF5D2575C60800E176D4 /* game.w30.h16.m99.plist in Resources */ = {isa = PBXBuildFile; fileRef = 6D85CF5C2575C60800E176D4 /* game.w30.h16.m99.plist */; };
		6D8D14E91BBAE7B80016D044 /* SLOFormulaSet.m in Sources */ = {isa = PBXBuildFile; fileRef = 6D8D14E81BBAE7B80016D044 /* SLOFormulaSet.m */; };
		6DD2CB9A25A4BD6F0054B074 /* game.w9.h9.m10.plist in Resources */ = {isa = PBXBuildFile; fileRef = 6DD2CB9925A4BD6F0054B074 /* game.w9.h9.m10.plist */; };
		6DD2CB9D25A4CB6E0054B074 /* SLOAutoRunnerGame.m in Sources */ = {isa = PBXBuildFile; fileRef = 6DD2CB9C25A4CB6E0054B074 /* SLOAutoRunnerGame.m */; };
		6DD4CA351BB681610002A7D6 /* OCellButton.m in Sources */ = {isa = PBXBuildFile; fileRef = 6DD4CA341BB681610002A7D6 /* OCellButton.m */; };
		6DD4CA3B1BB684240002A7D6 /* SLOGameCellIndex.m in Sources */ = {isa = PBXBuildFile; fileRef = 6DD4CA3A1BB684240002A7D6 /* SLOGameCellIndex.m */; };
		6DD589811BB91D4B005A38F7 /* SLOGameFormula.m in Sources */ = {isa = PBXBuildFile; fileRef = 6DD589801BB91D4B005A38F7 /* SLOGameFormula.m */; };
		6DD828F01BC814BF00EB724C /* OLog.m in Sources */ = {isa = PBXBuildFile; fileRef = 6DD828EF1BC814BE00EB724C /* OLog.m */; };
		6DFD35FE25717767009918D0 /* game.w20.h10.m40.plist in Resources */ = {isa = PBXBuildFile; fileRef = 6DFD35FD25717766009918D0 /* game.w20.h10.m40.plist */; };
/* End PBXBuildFile section */

/* Begin PBXContainerItemProxy section */
		6D73DE141BA313090020A443 /* PBXContainerItemProxy */ = {
			isa = PBXContainerItemProxy;
			containerPortal = 6D73DDF21BA313090020A443 /* Project object */;
			proxyType = 1;
			remoteGlobalIDString = 6D73DDF91BA313090020A443;
			remoteInfo = SLZero;
		};
		6D73DE1F1BA313090020A443 /* PBXContainerItemProxy */ = {
			isa = PBXContainerItemProxy;
			containerPortal = 6D73DDF21BA313090020A443 /* Project object */;
			proxyType = 1;
			remoteGlobalIDString = 6D73DDF91BA313090020A443;
			remoteInfo = SLZero;
		};
/* End PBXContainerItemProxy section */

/* Begin PBXFileReference section */
		6D3500E41BBA2FD600276A5F /* SLOAutoRunner.h */ = {isa = PBXFileReference; fileEncoding = 4; lastKnownFileType = sourcecode.c.h; name = SLOAutoRunner.h; path = modal/SLOAutoRunner.h; sourceTree = "<group>"; };
		6D3500E51BBA2FD600276A5F /* SLOAutoRunner.m */ = {isa = PBXFileReference; fileEncoding = 4; lastKnownFileType = sourcecode.c.objc; name = SLOAutoRunner.m; path = modal/SLOAutoRunner.m; sourceTree = "<group>"; };
		6D4040591BA6FD7500475F85 /* SLOGame.h */ = {isa = PBXFileReference; fileEncoding = 4; lastKnownFileType = sourcecode.c.h; name = SLOGame.h; path = modal/SLOGame.h; sourceTree = "<group>"; };
		6D40405A1BA6FD7500475F85 /* SLOGame.m */ = {isa = PBXFileReference; fileEncoding = 4; lastKnownFileType = sourcecode.c.objc; name = SLOGame.m; path = modal/SLOGame.m; sourceTree = "<group>"; };
		6D73DDFA1BA313090020A443 /* SLZero.app */ = {isa = PBXFileReference; explicitFileType = wrapper.application; includeInIndex = 0; path = SLZero.app; sourceTree = BUILT_PRODUCTS_DIR; };
		6D73DDFE1BA313090020A443 /* main.m */ = {isa = PBXFileReference; lastKnownFileType = sourcecode.c.objc; path = main.m; sourceTree = "<group>"; };
		6D73DE001BA313090020A443 /* AppDelegate.h */ = {isa = PBXFileReference; lastKnownFileType = sourcecode.c.h; path = AppDelegate.h; sourceTree = "<group>"; };
		6D73DE011BA313090020A443 /* AppDelegate.m */ = {isa = PBXFileReference; lastKnownFileType = sourcecode.c.objc; path = AppDelegate.m; sourceTree = "<group>"; };
		6D73DE031BA313090020A443 /* ViewController.h */ = {isa = PBXFileReference; lastKnownFileType = sourcecode.c.h; path = ViewController.h; sourceTree = "<group>"; };
		6D73DE041BA313090020A443 /* ViewController.m */ = {isa = PBXFileReference; lastKnownFileType = sourcecode.c.objc; path = ViewController.m; sourceTree = "<group>"; };
		6D73DE071BA313090020A443 /* Base */ = {isa = PBXFileReference; lastKnownFileType = file.storyboard; name = Base; path = Base.lproj/Main.storyboard; sourceTree = "<group>"; };
		6D73DE091BA313090020A443 /* Assets.xcassets */ = {isa = PBXFileReference; lastKnownFileType = folder.assetcatalog; path = Assets.xcassets; sourceTree = "<group>"; };
		6D73DE0C1BA313090020A443 /* Base */ = {isa = PBXFileReference; lastKnownFileType = file.storyboard; name = Base; path = Base.lproj/LaunchScreen.storyboard; sourceTree = "<group>"; };
		6D73DE0E1BA313090020A443 /* Info.plist */ = {isa = PBXFileReference; lastKnownFileType = text.plist.xml; path = Info.plist; sourceTree = "<group>"; };
		6D73DE131BA313090020A443 /* SLZeroTests.xctest */ = {isa = PBXFileReference; explicitFileType = wrapper.cfbundle; includeInIndex = 0; path = SLZeroTests.xctest; sourceTree = BUILT_PRODUCTS_DIR; };
		6D73DE171BA313090020A443 /* SLZeroTests.m */ = {isa = PBXFileReference; lastKnownFileType = sourcecode.c.objc; path = SLZeroTests.m; sourceTree = "<group>"; };
		6D73DE191BA313090020A443 /* Info.plist */ = {isa = PBXFileReference; lastKnownFileType = text.plist.xml; path = Info.plist; sourceTree = "<group>"; };
		6D73DE1E1BA313090020A443 /* SLZeroUITests.xctest */ = {isa = PBXFileReference; explicitFileType = wrapper.cfbundle; includeInIndex = 0; path = SLZeroUITests.xctest; sourceTree = BUILT_PRODUCTS_DIR; };
		6D73DE221BA313090020A443 /* SLZeroUITests.m */ = {isa = PBXFileReference; lastKnownFileType = sourcecode.c.objc; path = SLZeroUITests.m; sourceTree = "<group>"; };
		6D73DE241BA313090020A443 /* Info.plist */ = {isa = PBXFileReference; lastKnownFileType = text.plist.xml; path = Info.plist; sourceTree = "<group>"; };
		6D73DE301BA31A6A0020A443 /* SLOCell.h */ = {isa = PBXFileReference; fileEncoding = 4; lastKnownFileType = sourcecode.c.h; name = SLOCell.h; path = modal/SLOCell.h; sourceTree = "<group>"; };
		6D73DE311BA31A6A0020A443 /* SLOCell.m */ = {isa = PBXFileReference; fileEncoding = 4; lastKnownFileType = sourcecode.c.objc; name = SLOCell.m; path = modal/SLOCell.m; sourceTree = "<group>"; };
		6D85CF5C2575C60800E176D4 /* game.w30.h16.m99.plist */ = {isa = PBXFileReference; fileEncoding = 4; lastKnownFileType = text.plist.xml; path = game.w30.h16.m99.plist; sourceTree = "<group>"; };
		6D8D14E71BBAE7B80016D044 /* SLOFormulaSet.h */ = {isa = PBXFileReference; fileEncoding = 4; lastKnownFileType = sourcecode.c.h; name = SLOFormulaSet.h; path = modal/SLOFormulaSet.h; sourceTree = "<group>"; };
		6D8D14E81BBAE7B80016D044 /* SLOFormulaSet.m */ = {isa = PBXFileReference; fileEncoding = 4; lastKnownFileType = sourcecode.c.objc; name = SLOFormulaSet.m; path = modal/SLOFormulaSet.m; sourceTree = "<group>"; };
		6DD2CB9925A4BD6F0054B074 /* game.w9.h9.m10.plist */ = {isa = PBXFileReference; fileEncoding = 4; lastKnownFileType = text.plist.xml; path = game.w9.h9.m10.plist; sourceTree = "<group>"; };
		6DD2CB9B25A4CB6E0054B074 /* SLOAutoRunnerGame.h */ = {isa = PBXFileReference; lastKnownFileType = sourcecode.c.h; name = SLOAutoRunnerGame.h; path = modal/SLOAutoRunnerGame.h; sourceTree = "<group>"; };
		6DD2CB9C25A4CB6E0054B074 /* SLOAutoRunnerGame.m */ = {isa = PBXFileReference; lastKnownFileType = sourcecode.c.objc; name = SLOAutoRunnerGame.m; path = modal/SLOAutoRunnerGame.m; sourceTree = "<group>"; };
		6DD4CA331BB681610002A7D6 /* OCellButton.h */ = {isa = PBXFileReference; fileEncoding = 4; lastKnownFileType = sourcecode.c.h; path = OCellButton.h; sourceTree = "<group>"; };
		6DD4CA341BB681610002A7D6 /* OCellButton.m */ = {isa = PBXFileReference; fileEncoding = 4; lastKnownFileType = sourcecode.c.objc; path = OCellButton.m; sourceTree = "<group>"; };
		6DD4CA391BB684240002A7D6 /* SLOGameCellIndex.h */ = {isa = PBXFileReference; fileEncoding = 4; lastKnownFileType = sourcecode.c.h; name = SLOGameCellIndex.h; path = modal/SLOGameCellIndex.h; sourceTree = "<group>"; };
		6DD4CA3A1BB684240002A7D6 /* SLOGameCellIndex.m */ = {isa = PBXFileReference; fileEncoding = 4; lastKnownFileType = sourcecode.c.objc; name = SLOGameCellIndex.m; path = modal/SLOGameCellIndex.m; sourceTree = "<group>"; };
		6DD5897F1BB91D4B005A38F7 /* SLOGameFormula.h */ = {isa = PBXFileReference; fileEncoding = 4; lastKnownFileType = sourcecode.c.h; name = SLOGameFormula.h; path = modal/SLOGameFormula.h; sourceTree = "<group>"; };
		6DD589801BB91D4B005A38F7 /* SLOGameFormula.m */ = {isa = PBXFileReference; fileEncoding = 4; lastKnownFileType = sourcecode.c.objc; name = SLOGameFormula.m; path = modal/SLOGameFormula.m; sourceTree = "<group>"; };
		6DD828EE1BC814BE00EB724C /* OLog.h */ = {isa = PBXFileReference; fileEncoding = 4; lastKnownFileType = sourcecode.c.h; path = OLog.h; sourceTree = "<group>"; };
		6DD828EF1BC814BE00EB724C /* OLog.m */ = {isa = PBXFileReference; fileEncoding = 4; lastKnownFileType = sourcecode.c.objc; path = OLog.m; sourceTree = "<group>"; };
		6DFD35FD25717766009918D0 /* game.w20.h10.m40.plist */ = {isa = PBXFileReference; fileEncoding = 4; lastKnownFileType = text.plist.xml; path = game.w20.h10.m40.plist; sourceTree = "<group>"; };
/* End PBXFileReference section */

/* Begin PBXFrameworksBuildPhase section */
		6D73DDF71BA313090020A443 /* Frameworks */ = {
			isa = PBXFrameworksBuildPhase;
			buildActionMask = 2147483647;
			files = (
			);
			runOnlyForDeploymentPostprocessing = 0;
		};
		6D73DE101BA313090020A443 /* Frameworks */ = {
			isa = PBXFrameworksBuildPhase;
			buildActionMask = 2147483647;
			files = (
			);
			runOnlyForDeploymentPostprocessing = 0;
		};
		6D73DE1B1BA313090020A443 /* Frameworks */ = {
			isa = PBXFrameworksBuildPhase;
			buildActionMask = 2147483647;
			files = (
			);
			runOnlyForDeploymentPostprocessing = 0;
		};
/* End PBXFrameworksBuildPhase section */

/* Begin PBXGroup section */
		6D73DDF11BA313090020A443 = {
			isa = PBXGroup;
			children = (
				6D73DDFC1BA313090020A443 /* SLZero */,
				6D73DE161BA313090020A443 /* SLZeroTests */,
				6D73DE211BA313090020A443 /* SLZeroUITests */,
				6D73DDFB1BA313090020A443 /* Products */,
			);
			sourceTree = "<group>";
		};
		6D73DDFB1BA313090020A443 /* Products */ = {
			isa = PBXGroup;
			children = (
				6D73DDFA1BA313090020A443 /* SLZero.app */,
				6D73DE131BA313090020A443 /* SLZeroTests.xctest */,
				6D73DE1E1BA313090020A443 /* SLZeroUITests.xctest */,
			);
			name = Products;
			sourceTree = "<group>";
		};
		6D73DDFC1BA313090020A443 /* SLZero */ = {
			isa = PBXGroup;
			children = (
				6D73DE331BA31A720020A443 /* modal */,
				6D73DE031BA313090020A443 /* ViewController.h */,
				6D73DE041BA313090020A443 /* ViewController.m */,
				6DD4CA331BB681610002A7D6 /* OCellButton.h */,
				6DD4CA341BB681610002A7D6 /* OCellButton.m */,
				6DD828EE1BC814BE00EB724C /* OLog.h */,
				6DD828EF1BC814BE00EB724C /* OLog.m */,
				6D73DE061BA313090020A443 /* Main.storyboard */,
				6D73DE091BA313090020A443 /* Assets.xcassets */,
				6D73DE001BA313090020A443 /* AppDelegate.h */,
				6D73DE011BA313090020A443 /* AppDelegate.m */,
				6D73DE0B1BA313090020A443 /* LaunchScreen.storyboard */,
				6D73DE0E1BA313090020A443 /* Info.plist */,
				6D73DDFD1BA313090020A443 /* Supporting Files */,
			);
			path = SLZero;
			sourceTree = "<group>";
		};
		6D73DDFD1BA313090020A443 /* Supporting Files */ = {
			isa = PBXGroup;
			children = (
				6D73DDFE1BA313090020A443 /* main.m */,
			);
			name = "Supporting Files";
			sourceTree = "<group>";
		};
		6D73DE161BA313090020A443 /* SLZeroTests */ = {
			isa = PBXGroup;
			children = (
				6DD2CB9925A4BD6F0054B074 /* game.w9.h9.m10.plist */,
				6D85CF5C2575C60800E176D4 /* game.w30.h16.m99.plist */,
				6DFD35FD25717766009918D0 /* game.w20.h10.m40.plist */,
				6D73DE171BA313090020A443 /* SLZeroTests.m */,
				6D73DE191BA313090020A443 /* Info.plist */,
			);
			path = SLZeroTests;
			sourceTree = "<group>";
		};
		6D73DE211BA313090020A443 /* SLZeroUITests */ = {
			isa = PBXGroup;
			children = (
				6D73DE221BA313090020A443 /* SLZeroUITests.m */,
				6D73DE241BA313090020A443 /* Info.plist */,
			);
			path = SLZeroUITests;
			sourceTree = "<group>";
		};
		6D73DE331BA31A720020A443 /* modal */ = {
			isa = PBXGroup;
			children = (
				6DD4CA391BB684240002A7D6 /* SLOGameCellIndex.h */,
				6DD4CA3A1BB684240002A7D6 /* SLOGameCellIndex.m */,
				6D4040591BA6FD7500475F85 /* SLOGame.h */,
				6D40405A1BA6FD7500475F85 /* SLOGame.m */,
				6D73DE301BA31A6A0020A443 /* SLOCell.h */,
				6D73DE311BA31A6A0020A443 /* SLOCell.m */,
				6DD5897F1BB91D4B005A38F7 /* SLOGameFormula.h */,
				6DD589801BB91D4B005A38F7 /* SLOGameFormula.m */,
				6D3500E41BBA2FD600276A5F /* SLOAutoRunner.h */,
				6D3500E51BBA2FD600276A5F /* SLOAutoRunner.m */,
				6D8D14E71BBAE7B80016D044 /* SLOFormulaSet.h */,
				6D8D14E81BBAE7B80016D044 /* SLOFormulaSet.m */,
				6DD2CB9B25A4CB6E0054B074 /* SLOAutoRunnerGame.h */,
				6DD2CB9C25A4CB6E0054B074 /* SLOAutoRunnerGame.m */,
			);
			name = modal;
			sourceTree = "<group>";
		};
/* End PBXGroup section */

/* Begin PBXNativeTarget section */
		6D73DDF91BA313090020A443 /* SLZero */ = {
			isa = PBXNativeTarget;
			buildConfigurationList = 6D73DE271BA313090020A443 /* Build configuration list for PBXNativeTarget "SLZero" */;
			buildPhases = (
				6D73DDF61BA313090020A443 /* Sources */,
				6D73DDF71BA313090020A443 /* Frameworks */,
				6D73DDF81BA313090020A443 /* Resources */,
			);
			buildRules = (
			);
			dependencies = (
			);
			name = SLZero;
			productName = SLZero;
			productReference = 6D73DDFA1BA313090020A443 /* SLZero.app */;
			productType = "com.apple.product-type.application";
		};
		6D73DE121BA313090020A443 /* SLZeroTests */ = {
			isa = PBXNativeTarget;
			buildConfigurationList = 6D73DE2A1BA313090020A443 /* Build configuration list for PBXNativeTarget "SLZeroTests" */;
			buildPhases = (
				6D73DE0F1BA313090020A443 /* Sources */,
				6D73DE101BA313090020A443 /* Frameworks */,
				6D73DE111BA313090020A443 /* Resources */,
			);
			buildRules = (
			);
			dependencies = (
				6D73DE151BA313090020A443 /* PBXTargetDependency */,
			);
			name = SLZeroTests;
			productName = SLZeroTests;
			productReference = 6D73DE131BA313090020A443 /* SLZeroTests.xctest */;
			productType = "com.apple.product-type.bundle.unit-test";
		};
		6D73DE1D1BA313090020A443 /* SLZeroUITests */ = {
			isa = PBXNativeTarget;
			buildConfigurationList = 6D73DE2D1BA313090020A443 /* Build configuration list for PBXNativeTarget "SLZeroUITests" */;
			buildPhases = (
				6D73DE1A1BA313090020A443 /* Sources */,
				6D73DE1B1BA313090020A443 /* Frameworks */,
				6D73DE1C1BA313090020A443 /* Resources */,
			);
			buildRules = (
			);
			dependencies = (
				6D73DE201BA313090020A443 /* PBXTargetDependency */,
			);
			name = SLZeroUITests;
			productName = SLZeroUITests;
			productReference = 6D73DE1E1BA313090020A443 /* SLZeroUITests.xctest */;
			productType = "com.apple.product-type.bundle.ui-testing";
		};
/* End PBXNativeTarget section */

/* Begin PBXProject section */
		6D73DDF21BA313090020A443 /* Project object */ = {
			isa = PBXProject;
			attributes = {
				LastUpgradeCheck = 0700;
				ORGANIZATIONNAME = "李智";
				TargetAttributes = {
					6D73DDF91BA313090020A443 = {
						CreatedOnToolsVersion = 7.0;
						DevelopmentTeam = 4CPMXSEDBT;
					};
					6D73DE121BA313090020A443 = {
						CreatedOnToolsVersion = 7.0;
						TestTargetID = 6D73DDF91BA313090020A443;
					};
					6D73DE1D1BA313090020A443 = {
						CreatedOnToolsVersion = 7.0;
						TestTargetID = 6D73DDF91BA313090020A443;
					};
				};
			};
			buildConfigurationList = 6D73DDF51BA313090020A443 /* Build configuration list for PBXProject "SLZero" */;
			compatibilityVersion = "Xcode 3.2";
			developmentRegion = English;
			hasScannedForEncodings = 0;
			knownRegions = (
				English,
				en,
				Base,
			);
			mainGroup = 6D73DDF11BA313090020A443;
			productRefGroup = 6D73DDFB1BA313090020A443 /* Products */;
			projectDirPath = "";
			projectRoot = "";
			targets = (
				6D73DDF91BA313090020A443 /* SLZero */,
				6D73DE121BA313090020A443 /* SLZeroTests */,
				6D73DE1D1BA313090020A443 /* SLZeroUITests */,
			);
		};
/* End PBXProject section */

/* Begin PBXResourcesBuildPhase section */
		6D73DDF81BA313090020A443 /* Resources */ = {
			isa = PBXResourcesBuildPhase;
			buildActionMask = 2147483647;
			files = (
				6D73DE0D1BA313090020A443 /* LaunchScreen.storyboard in Resources */,
				6D73DE0A1BA313090020A443 /* Assets.xcassets in Resources */,
				6D73DE081BA313090020A443 /* Main.storyboard in Resources */,
			);
			runOnlyForDeploymentPostprocessing = 0;
		};
		6D73DE111BA313090020A443 /* Resources */ = {
			isa = PBXResourcesBuildPhase;
			buildActionMask = 2147483647;
			files = (
				6D85CF5D2575C60800E176D4 /* game.w30.h16.m99.plist in Resources */,
				6DD2CB9A25A4BD6F0054B074 /* game.w9.h9.m10.plist in Resources */,
				6DFD35FE25717767009918D0 /* game.w20.h10.m40.plist in Resources */,
			);
			runOnlyForDeploymentPostprocessing = 0;
		};
		6D73DE1C1BA313090020A443 /* Resources */ = {
			isa = PBXResourcesBuildPhase;
			buildActionMask = 2147483647;
			files = (
			);
			runOnlyForDeploymentPostprocessing = 0;
		};
/* End PBXResourcesBuildPhase section */

/* Begin PBXSourcesBuildPhase section */
		6D73DDF61BA313090020A443 /* Sources */ = {
			isa = PBXSourcesBuildPhase;
			buildActionMask = 2147483647;
			files = (
				6D73DE051BA313090020A443 /* ViewController.m in Sources */,
				6DD589811BB91D4B005A38F7 /* SLOGameFormula.m in Sources */,
				6D8D14E91BBAE7B80016D044 /* SLOFormulaSet.m in Sources */,
				6DD4CA351BB681610002A7D6 /* OCellButton.m in Sources */,
				6DD4CA3B1BB684240002A7D6 /* SLOGameCellIndex.m in Sources */,
				6D73DE021BA313090020A443 /* AppDelegate.m in Sources */,
				6DD828F01BC814BF00EB724C /* OLog.m in Sources */,
				6D40405B1BA6FD7500475F85 /* SLOGame.m in Sources */,
				6D3500E61BBA2FD600276A5F /* SLOAutoRunner.m in Sources */,
				6DD2CB9D25A4CB6E0054B074 /* SLOAutoRunnerGame.m in Sources */,
				6D73DE321BA31A6A0020A443 /* SLOCell.m in Sources */,
				6D73DDFF1BA313090020A443 /* main.m in Sources */,
			);
			runOnlyForDeploymentPostprocessing = 0;
		};
		6D73DE0F1BA313090020A443 /* Sources */ = {
			isa = PBXSourcesBuildPhase;
			buildActionMask = 2147483647;
			files = (
				6D73DE181BA313090020A443 /* SLZeroTests.m in Sources */,
			);
			runOnlyForDeploymentPostprocessing = 0;
		};
		6D73DE1A1BA313090020A443 /* Sources */ = {
			isa = PBXSourcesBuildPhase;
			buildActionMask = 2147483647;
			files = (
				6D73DE231BA313090020A443 /* SLZeroUITests.m in Sources */,
			);
			runOnlyForDeploymentPostprocessing = 0;
		};
/* End PBXSourcesBuildPhase section */

/* Begin PBXTargetDependency section */
		6D73DE151BA313090020A443 /* PBXTargetDependency */ = {
			isa = PBXTargetDependency;
			target = 6D73DDF91BA313090020A443 /* SLZero */;
			targetProxy = 6D73DE141BA313090020A443 /* PBXContainerItemProxy */;
		};
		6D73DE201BA313090020A443 /* PBXTargetDependency */ = {
			isa = PBXTargetDependency;
			target = 6D73DDF91BA313090020A443 /* SLZero */;
			targetProxy = 6D73DE1F1BA313090020A443 /* PBXContainerItemProxy */;
		};
/* End PBXTargetDependency section */

/* Begin PBXVariantGroup section */
		6D73DE061BA313090020A443 /* Main.storyboard */ = {
			isa = PBXVariantGroup;
			children = (
				6D73DE071BA313090020A443 /* Base */,
			);
			name = Main.storyboard;
			sourceTree = "<group>";
		};
		6D73DE0B1BA313090020A443 /* LaunchScreen.storyboard */ = {
			isa = PBXVariantGroup;
			children = (
				6D73DE0C1BA313090020A443 /* Base */,
			);
			name = LaunchScreen.storyboard;
			sourceTree = "<group>";
		};
/* End PBXVariantGroup section */

/* Begin XCBuildConfiguration section */
		6D73DE251BA313090020A443 /* Debug */ = {
			isa = XCBuildConfiguration;
			buildSettings = {
				ALWAYS_SEARCH_USER_PATHS = NO;
				CLANG_CXX_LANGUAGE_STANDARD = "gnu++0x";
				CLANG_CXX_LIBRARY = "libc++";
				CLANG_ENABLE_MODULES = YES;
				CLANG_ENABLE_OBJC_ARC = YES;
				CLANG_WARN_BOOL_CONVERSION = YES;
				CLANG_WARN_CONSTANT_CONVERSION = YES;
				CLANG_WARN_DIRECT_OBJC_ISA_USAGE = YES_ERROR;
				CLANG_WARN_EMPTY_BODY = YES;
				CLANG_WARN_ENUM_CONVERSION = YES;
				CLANG_WARN_INT_CONVERSION = YES;
				CLANG_WARN_OBJC_ROOT_CLASS = YES_ERROR;
				CLANG_WARN_UNREACHABLE_CODE = YES;
				CLANG_WARN__DUPLICATE_METHOD_MATCH = YES;
				"CODE_SIGN_IDENTITY[sdk=iphoneos*]" = "iPhone Developer";
				COPY_PHASE_STRIP = NO;
				DEBUG_INFORMATION_FORMAT = dwarf;
				ENABLE_STRICT_OBJC_MSGSEND = YES;
				ENABLE_TESTABILITY = YES;
				GCC_C_LANGUAGE_STANDARD = gnu99;
				GCC_DYNAMIC_NO_PIC = NO;
				GCC_NO_COMMON_BLOCKS = YES;
				GCC_OPTIMIZATION_LEVEL = 0;
				GCC_PREPROCESSOR_DEFINITIONS = (
					"DEBUG=1",
					"$(inherited)",
				);
				GCC_WARN_64_TO_32_BIT_CONVERSION = YES;
				GCC_WARN_ABOUT_RETURN_TYPE = YES_ERROR;
				GCC_WARN_UNDECLARED_SELECTOR = YES;
				GCC_WARN_UNINITIALIZED_AUTOS = YES_AGGRESSIVE;
				GCC_WARN_UNUSED_FUNCTION = YES;
				GCC_WARN_UNUSED_VARIABLE = YES;
				IPHONEOS_DEPLOYMENT_TARGET = 9.0;
				MTL_ENABLE_DEBUG_INFO = YES;
				ONLY_ACTIVE_ARCH = YES;
				SDKROOT = iphoneos;
				TARGETED_DEVICE_FAMILY = "1,2";
			};
			name = Debug;
		};
		6D73DE261BA313090020A443 /* Release */ = {
			isa = XCBuildConfiguration;
			buildSettings = {
				ALWAYS_SEARCH_USER_PATHS = NO;
				CLANG_CXX_LANGUAGE_STANDARD = "gnu++0x";
				CLANG_CXX_LIBRARY = "libc++";
				CLANG_ENABLE_MODULES = YES;
				CLANG_ENABLE_OBJC_ARC = YES;
				CLANG_WARN_BOOL_CONVERSION = YES;
				CLANG_WARN_CONSTANT_CONVERSION = YES;
				CLANG_WARN_DIRECT_OBJC_ISA_USAGE = YES_ERROR;
				CLANG_WARN_EMPTY_BODY = YES;
				CLANG_WARN_ENUM_CONVERSION = YES;
				CLANG_WARN_INT_CONVERSION = YES;
				CLANG_WARN_OBJC_ROOT_CLASS = YES_ERROR;
				CLANG_WARN_UNREACHABLE_CODE = YES;
				CLANG_WARN__DUPLICATE_METHOD_MATCH = YES;
				"CODE_SIGN_IDENTITY[sdk=iphoneos*]" = "iPhone Developer";
				COPY_PHASE_STRIP = NO;
				DEBUG_INFORMATION_FORMAT = "dwarf-with-dsym";
				ENABLE_NS_ASSERTIONS = NO;
				ENABLE_STRICT_OBJC_MSGSEND = YES;
				GCC_C_LANGUAGE_STANDARD = gnu99;
				GCC_NO_COMMON_BLOCKS = YES;
				GCC_WARN_64_TO_32_BIT_CONVERSION = YES;
				GCC_WARN_ABOUT_RETURN_TYPE = YES_ERROR;
				GCC_WARN_UNDECLARED_SELECTOR = YES;
				GCC_WARN_UNINITIALIZED_AUTOS = YES_AGGRESSIVE;
				GCC_WARN_UNUSED_FUNCTION = YES;
				GCC_WARN_UNUSED_VARIABLE = YES;
				IPHONEOS_DEPLOYMENT_TARGET = 9.0;
				MTL_ENABLE_DEBUG_INFO = NO;
				SDKROOT = iphoneos;
				TARGETED_DEVICE_FAMILY = "1,2";
				VALIDATE_PRODUCT = YES;
			};
			name = Release;
		};
		6D73DE281BA313090020A443 /* Debug */ = {
			isa = XCBuildConfiguration;
			buildSettings = {
				ASSETCATALOG_COMPILER_APPICON_NAME = AppIcon;
				CODE_SIGN_IDENTITY = "iPhone Developer";
				INFOPLIST_FILE = SLZero/Info.plist;
				LD_RUNPATH_SEARCH_PATHS = "$(inherited) @executable_path/Frameworks";
				PRODUCT_BUNDLE_IDENTIFIER = wx.SLZero;
				PRODUCT_NAME = "$(TARGET_NAME)";
			};
			name = Debug;
		};
		6D73DE291BA313090020A443 /* Release */ = {
			isa = XCBuildConfiguration;
			buildSettings = {
				ASSETCATALOG_COMPILER_APPICON_NAME = AppIcon;
				CODE_SIGN_IDENTITY = "iPhone Developer";
				INFOPLIST_FILE = SLZero/Info.plist;
				LD_RUNPATH_SEARCH_PATHS = "$(inherited) @executable_path/Frameworks";
				PRODUCT_BUNDLE_IDENTIFIER = wx.SLZero;
				PRODUCT_NAME = "$(TARGET_NAME)";
			};
			name = Release;
		};
		6D73DE2B1BA313090020A443 /* Debug */ = {
			isa = XCBuildConfiguration;
			buildSettings = {
				BUNDLE_LOADER = "$(TEST_HOST)";
				INFOPLIST_FILE = SLZeroTests/Info.plist;
				LD_RUNPATH_SEARCH_PATHS = "$(inherited) @executable_path/Frameworks @loader_path/Frameworks";
				PRODUCT_BUNDLE_IDENTIFIER = wx.SLZeroTests;
				PRODUCT_NAME = "$(TARGET_NAME)";
				TEST_HOST = "$(BUILT_PRODUCTS_DIR)/SLZero.app/SLZero";
			};
			name = Debug;
		};
		6D73DE2C1BA313090020A443 /* Release */ = {
			isa = XCBuildConfiguration;
			buildSettings = {
				BUNDLE_LOADER = "$(TEST_HOST)";
				INFOPLIST_FILE = SLZeroTests/Info.plist;
				LD_RUNPATH_SEARCH_PATHS = "$(inherited) @executable_path/Frameworks @loader_path/Frameworks";
				PRODUCT_BUNDLE_IDENTIFIER = wx.SLZeroTests;
				PRODUCT_NAME = "$(TARGET_NAME)";
				TEST_HOST = "$(BUILT_PRODUCTS_DIR)/SLZero.app/SLZero";
			};
			name = Release;
		};
		6D73DE2E1BA313090020A443 /* Debug */ = {
			isa = XCBuildConfiguration;
			buildSettings = {
				INFOPLIST_FILE = SLZeroUITests/Info.plist;
				LD_RUNPATH_SEARCH_PATHS = "$(inherited) @executable_path/Frameworks @loader_path/Frameworks";
				PRODUCT_BUNDLE_IDENTIFIER = wx.SLZeroUITests;
				PRODUCT_NAME = "$(TARGET_NAME)";
				TEST_TARGET_NAME = SLZero;
				USES_XCTRUNNER = YES;
			};
			name = Debug;
		};
		6D73DE2F1BA313090020A443 /* Release */ = {
			isa = XCBuildConfiguration;
			buildSettings = {
				INFOPLIST_FILE = SLZeroUITests/Info.plist;
				LD_RUNPATH_SEARCH_PATHS = "$(inherited) @executable_path/Frameworks @loader_path/Frameworks";
				PRODUCT_BUNDLE_IDENTIFIER = wx.SLZeroUITests;
				PRODUCT_NAME = "$(TARGET_NAME)";
				TEST_TARGET_NAME = SLZero;
				USES_XCTRUNNER = YES;
			};
			name = Release;
		};
/* End XCBuildConfiguration section */

/* Begin XCConfigurationList section */
		6D73DDF51BA313090020A443 /* Build configuration list for PBXProject "SLZero" */ = {
			isa = XCConfigurationList;
			buildConfigurations = (
				6D73DE251BA313090020A443 /* Debug */,
				6D73DE261BA313090020A443 /* Release */,
			);
			defaultConfigurationIsVisible = 0;
			defaultConfigurationName = Release;
		};
		6D73DE271BA313090020A443 /* Build configuration list for PBXNativeTarget "SLZero" */ = {
			isa = XCConfigurationList;
			buildConfigurations = (
				6D73DE281BA313090020A443 /* Debug */,
				6D73DE291BA313090020A443 /* Release */,
			);
			defaultConfigurationIsVisible = 0;
			defaultConfigurationName = Release;
		};
		6D73DE2A1BA313090020A443 /* Build configuration list for PBXNativeTarget "SLZeroTests" */ = {
			isa = XCConfigurationList;
			buildConfigurations = (
				6D73DE2B1BA313090020A443 /* Debug */,
				6D73DE2C1BA313090020A443 /* Release */,
			);
			defaultConfigurationIsVisible = 0;
			defaultConfigurationName = Release;
		};
		6D73DE2D1BA313090020A443 /* Build configuration list for PBXNativeTarget "SLZeroUITests" */ = {
			isa = XCConfigurationList;
			buildConfigurations = (
				6D73DE2E1BA313090020A443 /* Debug */,
				6D73DE2F1BA313090020A443 /* Release */,
			);
			defaultConfigurationIsVisible = 0;
			defaultConfigurationName = Release;
		};
/* End XCConfigurationList section */
	};
	rootObject = 6D73DDF21BA313090020A443 /* Project object */;
}
